// !$*UTF8*$!
{
	archiveVersion = 1;
	classes = {
	};
	objectVersion = 50;
	objects = {

/* Begin PBXBuildFile section */
		4D02E505ECFE04EECC03421D /* Pods_Picolo.framework in Frameworks */ = {isa = PBXBuildFile; fileRef = C232A7F08C8D71CB04FB7E95 /* Pods_Picolo.framework */; };
		5A697B0521E86EB50010C52C /* HomePostDetail.swift in Sources */ = {isa = PBXBuildFile; fileRef = 5A697B0421E86EB50010C52C /* HomePostDetail.swift */; };
		5A697B0721E887D20010C52C /* HomePostDetailARSCN.swift in Sources */ = {isa = PBXBuildFile; fileRef = 5A697B0621E887D20010C52C /* HomePostDetailARSCN.swift */; };
		5A697B0921E889EB0010C52C /* HomePostImagePreview.swift in Sources */ = {isa = PBXBuildFile; fileRef = 5A697B0821E889EB0010C52C /* HomePostImagePreview.swift */; };
		5A697B0E21EC6CE40010C52C /* art.scnassets in Resources */ = {isa = PBXBuildFile; fileRef = 5A697B0D21EC6CE40010C52C /* art.scnassets */; };
		7092BB7E21F810ED0092DD1E /* SubcriptionController.swift in Sources */ = {isa = PBXBuildFile; fileRef = 7092BB7D21F810ED0092DD1E /* SubcriptionController.swift */; };
		7092BB8021F812A10092DD1E /* SubscriptionPost.swift in Sources */ = {isa = PBXBuildFile; fileRef = 7092BB7F21F812A10092DD1E /* SubscriptionPost.swift */; };
		7092BB8221F815CF0092DD1E /* SubscriptionHeader.swift in Sources */ = {isa = PBXBuildFile; fileRef = 7092BB8121F815CF0092DD1E /* SubscriptionHeader.swift */; };
		7092BB8421F854740092DD1E /* AuthBoarding.swift in Sources */ = {isa = PBXBuildFile; fileRef = 7092BB8321F854740092DD1E /* AuthBoarding.swift */; };
		7092BB8621F991D20092DD1E /* CommentsController.swift in Sources */ = {isa = PBXBuildFile; fileRef = 7092BB8521F991D20092DD1E /* CommentsController.swift */; };
		7092BB8821FA193D0092DD1E /* CommentsCell.swift in Sources */ = {isa = PBXBuildFile; fileRef = 7092BB8721FA193D0092DD1E /* CommentsCell.swift */; };
		7092BB8A21FA1D610092DD1E /* Comment.swift in Sources */ = {isa = PBXBuildFile; fileRef = 7092BB8921FA1D610092DD1E /* Comment.swift */; };
		7093CD6421E32F1200731FB8 /* AppDelegate.swift in Sources */ = {isa = PBXBuildFile; fileRef = 7093CD6321E32F1200731FB8 /* AppDelegate.swift */; };
		7093CD6621E32F1200731FB8 /* SignUpController.swift in Sources */ = {isa = PBXBuildFile; fileRef = 7093CD6521E32F1200731FB8 /* SignUpController.swift */; };
		7093CD6921E32F1200731FB8 /* Main.storyboard in Resources */ = {isa = PBXBuildFile; fileRef = 7093CD6721E32F1200731FB8 /* Main.storyboard */; };
		7093CD6B21E32F1500731FB8 /* Assets.xcassets in Resources */ = {isa = PBXBuildFile; fileRef = 7093CD6A21E32F1500731FB8 /* Assets.xcassets */; };
		7093CD6E21E32F1500731FB8 /* LaunchScreen.storyboard in Resources */ = {isa = PBXBuildFile; fileRef = 7093CD6C21E32F1500731FB8 /* LaunchScreen.storyboard */; };
		7093CD9221E3307800731FB8 /* GoogleService-Info.plist in Resources */ = {isa = PBXBuildFile; fileRef = 7093CD9121E3307800731FB8 /* GoogleService-Info.plist */; };
		7093CD9421E3325B00731FB8 /* Extension.swift in Sources */ = {isa = PBXBuildFile; fileRef = 7093CD9321E3325B00731FB8 /* Extension.swift */; };
		7093CD9621E357D900731FB8 /* MainTabBarController.swift in Sources */ = {isa = PBXBuildFile; fileRef = 7093CD9521E357D900731FB8 /* MainTabBarController.swift */; };
		7093CD9821E3588500731FB8 /* UserProfileViewController.swift in Sources */ = {isa = PBXBuildFile; fileRef = 7093CD9721E3588500731FB8 /* UserProfileViewController.swift */; };
		7093CD9B21E35EFB00731FB8 /* UserProfileHeader.swift in Sources */ = {isa = PBXBuildFile; fileRef = 7093CD9A21E35EFB00731FB8 /* UserProfileHeader.swift */; };
		7093CDA221E385F900731FB8 /* LoginController.swift in Sources */ = {isa = PBXBuildFile; fileRef = 7093CDA121E385F900731FB8 /* LoginController.swift */; };
		7093CDA621E3C2AF00731FB8 /* PhotoSelectorController.swift in Sources */ = {isa = PBXBuildFile; fileRef = 7093CDA521E3C2AF00731FB8 /* PhotoSelectorController.swift */; };
		7093CDA821E3D09000731FB8 /* PhotoSelectorCell.swift in Sources */ = {isa = PBXBuildFile; fileRef = 7093CDA721E3D09000731FB8 /* PhotoSelectorCell.swift */; };
		7093CDAA21E3D7EC00731FB8 /* PhotoSelectorHeader.swift in Sources */ = {isa = PBXBuildFile; fileRef = 7093CDA921E3D7EC00731FB8 /* PhotoSelectorHeader.swift */; };
		7093CDAC21E3E33400731FB8 /* SharePhotoController.swift in Sources */ = {isa = PBXBuildFile; fileRef = 7093CDAB21E3E33400731FB8 /* SharePhotoController.swift */; };
		7093CDAF21E4502200731FB8 /* Post.swift in Sources */ = {isa = PBXBuildFile; fileRef = 7093CDAE21E4502200731FB8 /* Post.swift */; };
		7093CDB121E451A700731FB8 /* UserProfilePhotoCell.swift in Sources */ = {isa = PBXBuildFile; fileRef = 7093CDB021E451A700731FB8 /* UserProfilePhotoCell.swift */; };
		7093CDB321E4554000731FB8 /* CustomImageView.swift in Sources */ = {isa = PBXBuildFile; fileRef = 7093CDB221E4554000731FB8 /* CustomImageView.swift */; };
		7093CDB621E45BA100731FB8 /* HomeController.swift in Sources */ = {isa = PBXBuildFile; fileRef = 7093CDB521E45BA100731FB8 /* HomeController.swift */; };
		7093CDB821E45C8E00731FB8 /* HomePostCell.swift in Sources */ = {isa = PBXBuildFile; fileRef = 7093CDB721E45C8E00731FB8 /* HomePostCell.swift */; };
		7093CDBA21E4BBC400731FB8 /* User.swift in Sources */ = {isa = PBXBuildFile; fileRef = 7093CDB921E4BBC400731FB8 /* User.swift */; };
		7093CDBC21E4C1CF00731FB8 /* Firebase Utils.swift in Sources */ = {isa = PBXBuildFile; fileRef = 7093CDBB21E4C1CF00731FB8 /* Firebase Utils.swift */; };
		7093CDBF21E4D50D00731FB8 /* SearchController.swift in Sources */ = {isa = PBXBuildFile; fileRef = 7093CDBE21E4D50D00731FB8 /* SearchController.swift */; };
		7093CDC121E4E15200731FB8 /* SearchCell.swift in Sources */ = {isa = PBXBuildFile; fileRef = 7093CDC021E4E15200731FB8 /* SearchCell.swift */; };
/* End PBXBuildFile section */

/* Begin PBXContainerItemProxy section */
		7093CD7521E32F1500731FB8 /* PBXContainerItemProxy */ = {
			isa = PBXContainerItemProxy;
			containerPortal = 7093CD5821E32F1200731FB8 /* Project object */;
			proxyType = 1;
			remoteGlobalIDString = 7093CD5F21E32F1200731FB8;
			remoteInfo = Picolo;
		};
		7093CD8021E32F1500731FB8 /* PBXContainerItemProxy */ = {
			isa = PBXContainerItemProxy;
			containerPortal = 7093CD5821E32F1200731FB8 /* Project object */;
			proxyType = 1;
			remoteGlobalIDString = 7093CD5F21E32F1200731FB8;
			remoteInfo = Picolo;
		};
/* End PBXContainerItemProxy section */

/* Begin PBXFileReference section */
		013BF7F588579772A852F64E /* Pods-Picolo.debug.xcconfig */ = {isa = PBXFileReference; includeInIndex = 1; lastKnownFileType = text.xcconfig; name = "Pods-Picolo.debug.xcconfig"; path = "Pods/Target Support Files/Pods-Picolo/Pods-Picolo.debug.xcconfig"; sourceTree = "<group>"; };
		1740A3F9DE64FC2F37B5CB7C /* Pods_PicoloTests.framework */ = {isa = PBXFileReference; explicitFileType = wrapper.framework; includeInIndex = 0; path = Pods_PicoloTests.framework; sourceTree = BUILT_PRODUCTS_DIR; };
		5A697B0421E86EB50010C52C /* HomePostDetail.swift */ = {isa = PBXFileReference; lastKnownFileType = sourcecode.swift; path = HomePostDetail.swift; sourceTree = "<group>"; };
		5A697B0621E887D20010C52C /* HomePostDetailARSCN.swift */ = {isa = PBXFileReference; lastKnownFileType = sourcecode.swift; path = HomePostDetailARSCN.swift; sourceTree = "<group>"; };
		5A697B0821E889EB0010C52C /* HomePostImagePreview.swift */ = {isa = PBXFileReference; lastKnownFileType = sourcecode.swift; path = HomePostImagePreview.swift; sourceTree = "<group>"; };
		5A697B0D21EC6CE40010C52C /* art.scnassets */ = {isa = PBXFileReference; lastKnownFileType = wrapper.scnassets; path = art.scnassets; sourceTree = "<group>"; };
		7092BB7D21F810ED0092DD1E /* SubcriptionController.swift */ = {isa = PBXFileReference; lastKnownFileType = sourcecode.swift; path = SubcriptionController.swift; sourceTree = "<group>"; };
		7092BB7F21F812A10092DD1E /* SubscriptionPost.swift */ = {isa = PBXFileReference; lastKnownFileType = sourcecode.swift; path = SubscriptionPost.swift; sourceTree = "<group>"; };
		7092BB8121F815CF0092DD1E /* SubscriptionHeader.swift */ = {isa = PBXFileReference; lastKnownFileType = sourcecode.swift; path = SubscriptionHeader.swift; sourceTree = "<group>"; };
		7092BB8321F854740092DD1E /* AuthBoarding.swift */ = {isa = PBXFileReference; lastKnownFileType = sourcecode.swift; path = AuthBoarding.swift; sourceTree = "<group>"; };
		7092BB8521F991D20092DD1E /* CommentsController.swift */ = {isa = PBXFileReference; lastKnownFileType = sourcecode.swift; path = CommentsController.swift; sourceTree = "<group>"; };
		7092BB8721FA193D0092DD1E /* CommentsCell.swift */ = {isa = PBXFileReference; lastKnownFileType = sourcecode.swift; path = CommentsCell.swift; sourceTree = "<group>"; };
		7092BB8921FA1D610092DD1E /* Comment.swift */ = {isa = PBXFileReference; lastKnownFileType = sourcecode.swift; path = Comment.swift; sourceTree = "<group>"; };
		7093CD6021E32F1200731FB8 /* Picolo.app */ = {isa = PBXFileReference; explicitFileType = wrapper.application; includeInIndex = 0; path = Picolo.app; sourceTree = BUILT_PRODUCTS_DIR; };
		7093CD6321E32F1200731FB8 /* AppDelegate.swift */ = {isa = PBXFileReference; lastKnownFileType = sourcecode.swift; path = AppDelegate.swift; sourceTree = "<group>"; };
		7093CD6521E32F1200731FB8 /* SignUpController.swift */ = {isa = PBXFileReference; lastKnownFileType = sourcecode.swift; path = SignUpController.swift; sourceTree = "<group>"; };
		7093CD6821E32F1200731FB8 /* Base */ = {isa = PBXFileReference; lastKnownFileType = file.storyboard; name = Base; path = Base.lproj/Main.storyboard; sourceTree = "<group>"; };
		7093CD6A21E32F1500731FB8 /* Assets.xcassets */ = {isa = PBXFileReference; lastKnownFileType = folder.assetcatalog; path = Assets.xcassets; sourceTree = "<group>"; };
		7093CD6D21E32F1500731FB8 /* Base */ = {isa = PBXFileReference; lastKnownFileType = file.storyboard; name = Base; path = Base.lproj/LaunchScreen.storyboard; sourceTree = "<group>"; };
		7093CD6F21E32F1500731FB8 /* Info.plist */ = {isa = PBXFileReference; lastKnownFileType = text.plist.xml; path = Info.plist; sourceTree = "<group>"; };
		7093CD7421E32F1500731FB8 /* PicoloTests.xctest */ = {isa = PBXFileReference; explicitFileType = wrapper.cfbundle; includeInIndex = 0; path = PicoloTests.xctest; sourceTree = BUILT_PRODUCTS_DIR; };
		7093CD7F21E32F1500731FB8 /* PicoloUITests.xctest */ = {isa = PBXFileReference; explicitFileType = wrapper.cfbundle; includeInIndex = 0; path = PicoloUITests.xctest; sourceTree = BUILT_PRODUCTS_DIR; };
		7093CD9121E3307800731FB8 /* GoogleService-Info.plist */ = {isa = PBXFileReference; fileEncoding = 4; lastKnownFileType = text.plist.xml; path = "GoogleService-Info.plist"; sourceTree = "<group>"; };
		7093CD9321E3325B00731FB8 /* Extension.swift */ = {isa = PBXFileReference; lastKnownFileType = sourcecode.swift; path = Extension.swift; sourceTree = "<group>"; };
		7093CD9521E357D900731FB8 /* MainTabBarController.swift */ = {isa = PBXFileReference; lastKnownFileType = sourcecode.swift; path = MainTabBarController.swift; sourceTree = "<group>"; };
		7093CD9721E3588500731FB8 /* UserProfileViewController.swift */ = {isa = PBXFileReference; lastKnownFileType = sourcecode.swift; path = UserProfileViewController.swift; sourceTree = "<group>"; };
		7093CD9A21E35EFB00731FB8 /* UserProfileHeader.swift */ = {isa = PBXFileReference; lastKnownFileType = sourcecode.swift; path = UserProfileHeader.swift; sourceTree = "<group>"; };
		7093CDA121E385F900731FB8 /* LoginController.swift */ = {isa = PBXFileReference; lastKnownFileType = sourcecode.swift; path = LoginController.swift; sourceTree = "<group>"; };
		7093CDA521E3C2AF00731FB8 /* PhotoSelectorController.swift */ = {isa = PBXFileReference; lastKnownFileType = sourcecode.swift; path = PhotoSelectorController.swift; sourceTree = "<group>"; };
		7093CDA721E3D09000731FB8 /* PhotoSelectorCell.swift */ = {isa = PBXFileReference; lastKnownFileType = sourcecode.swift; path = PhotoSelectorCell.swift; sourceTree = "<group>"; };
		7093CDA921E3D7EC00731FB8 /* PhotoSelectorHeader.swift */ = {isa = PBXFileReference; lastKnownFileType = sourcecode.swift; path = PhotoSelectorHeader.swift; sourceTree = "<group>"; };
		7093CDAB21E3E33400731FB8 /* SharePhotoController.swift */ = {isa = PBXFileReference; lastKnownFileType = sourcecode.swift; path = SharePhotoController.swift; sourceTree = "<group>"; };
		7093CDAE21E4502200731FB8 /* Post.swift */ = {isa = PBXFileReference; lastKnownFileType = sourcecode.swift; path = Post.swift; sourceTree = "<group>"; };
		7093CDB021E451A700731FB8 /* UserProfilePhotoCell.swift */ = {isa = PBXFileReference; lastKnownFileType = sourcecode.swift; path = UserProfilePhotoCell.swift; sourceTree = "<group>"; };
		7093CDB221E4554000731FB8 /* CustomImageView.swift */ = {isa = PBXFileReference; lastKnownFileType = sourcecode.swift; path = CustomImageView.swift; sourceTree = "<group>"; };
		7093CDB521E45BA100731FB8 /* HomeController.swift */ = {isa = PBXFileReference; lastKnownFileType = sourcecode.swift; path = HomeController.swift; sourceTree = "<group>"; };
		7093CDB721E45C8E00731FB8 /* HomePostCell.swift */ = {isa = PBXFileReference; lastKnownFileType = sourcecode.swift; path = HomePostCell.swift; sourceTree = "<group>"; };
		7093CDB921E4BBC400731FB8 /* User.swift */ = {isa = PBXFileReference; lastKnownFileType = sourcecode.swift; path = User.swift; sourceTree = "<group>"; };
		7093CDBB21E4C1CF00731FB8 /* Firebase Utils.swift */ = {isa = PBXFileReference; lastKnownFileType = sourcecode.swift; path = "Firebase Utils.swift"; sourceTree = "<group>"; };
		7093CDBE21E4D50D00731FB8 /* SearchController.swift */ = {isa = PBXFileReference; lastKnownFileType = sourcecode.swift; path = SearchController.swift; sourceTree = "<group>"; };
		7093CDC021E4E15200731FB8 /* SearchCell.swift */ = {isa = PBXFileReference; lastKnownFileType = sourcecode.swift; path = SearchCell.swift; sourceTree = "<group>"; };
		C232A7F08C8D71CB04FB7E95 /* Pods_Picolo.framework */ = {isa = PBXFileReference; explicitFileType = wrapper.framework; includeInIndex = 0; path = Pods_Picolo.framework; sourceTree = BUILT_PRODUCTS_DIR; };
		F2ABF5B36F6D0EE62558F190 /* Pods_PicoloUITests.framework */ = {isa = PBXFileReference; explicitFileType = wrapper.framework; includeInIndex = 0; path = Pods_PicoloUITests.framework; sourceTree = BUILT_PRODUCTS_DIR; };
		F9A5F87326F6A50F38587C38 /* Pods-Picolo.release.xcconfig */ = {isa = PBXFileReference; includeInIndex = 1; lastKnownFileType = text.xcconfig; name = "Pods-Picolo.release.xcconfig"; path = "Pods/Target Support Files/Pods-Picolo/Pods-Picolo.release.xcconfig"; sourceTree = "<group>"; };
/* End PBXFileReference section */

/* Begin PBXFrameworksBuildPhase section */
		7093CD5D21E32F1200731FB8 /* Frameworks */ = {
			isa = PBXFrameworksBuildPhase;
			buildActionMask = 2147483647;
			files = (
				4D02E505ECFE04EECC03421D /* Pods_Picolo.framework in Frameworks */,
			);
			runOnlyForDeploymentPostprocessing = 0;
		};
		7093CD7121E32F1500731FB8 /* Frameworks */ = {
			isa = PBXFrameworksBuildPhase;
			buildActionMask = 2147483647;
			files = (
			);
			runOnlyForDeploymentPostprocessing = 0;
		};
		7093CD7C21E32F1500731FB8 /* Frameworks */ = {
			isa = PBXFrameworksBuildPhase;
			buildActionMask = 2147483647;
			files = (
			);
			runOnlyForDeploymentPostprocessing = 0;
		};
/* End PBXFrameworksBuildPhase section */

/* Begin PBXGroup section */
		7092BB7C21F810CE0092DD1E /* Subscription */ = {
			isa = PBXGroup;
			children = (
				7092BB7D21F810ED0092DD1E /* SubcriptionController.swift */,
				7092BB7F21F812A10092DD1E /* SubscriptionPost.swift */,
				7092BB8121F815CF0092DD1E /* SubscriptionHeader.swift */,
			);
			path = Subscription;
			sourceTree = "<group>";
		};
		7093CD5721E32F1200731FB8 = {
			isa = PBXGroup;
			children = (
				7093CD6221E32F1200731FB8 /* Picolo */,
				7093CD6121E32F1200731FB8 /* Products */,
				EB76743F59B2B0E9624D2B98 /* Pods */,
				A6B98A9E89238724E31522CE /* Frameworks */,
			);
			sourceTree = "<group>";
		};
		7093CD6121E32F1200731FB8 /* Products */ = {
			isa = PBXGroup;
			children = (
				7093CD6021E32F1200731FB8 /* Picolo.app */,
				7093CD7421E32F1500731FB8 /* PicoloTests.xctest */,
				7093CD7F21E32F1500731FB8 /* PicoloUITests.xctest */,
			);
			name = Products;
			sourceTree = "<group>";
		};
		7093CD6221E32F1200731FB8 /* Picolo */ = {
			isa = PBXGroup;
			children = (
				7093CD6321E32F1200731FB8 /* AppDelegate.swift */,
				7093CD9521E357D900731FB8 /* MainTabBarController.swift */,
				7092BB8321F854740092DD1E /* AuthBoarding.swift */,
				7092BB7C21F810CE0092DD1E /* Subscription */,
				7093CDAD21E4501100731FB8 /* Models */,
				7093CDBD21E4D4F700731FB8 /* Search */,
				7093CDB421E45B9300731FB8 /* Home */,
				7093CDA421E3C28C00731FB8 /* AddPhoto */,
				7093CDA021E385E400731FB8 /* Login */,
				7093CD9921E35EE700731FB8 /* UserProfile */,
				7093CDA321E3B62200731FB8 /* Utils */,
				7093CD6721E32F1200731FB8 /* Main.storyboard */,
				5A697B0D21EC6CE40010C52C /* art.scnassets */,
				7093CD6A21E32F1500731FB8 /* Assets.xcassets */,
				7093CD6C21E32F1500731FB8 /* LaunchScreen.storyboard */,
				7093CD6F21E32F1500731FB8 /* Info.plist */,
				7093CD9121E3307800731FB8 /* GoogleService-Info.plist */,
			);
			path = Picolo;
			sourceTree = "<group>";
		};
		7093CD9921E35EE700731FB8 /* UserProfile */ = {
			isa = PBXGroup;
			children = (
				7093CD9721E3588500731FB8 /* UserProfileViewController.swift */,
				7093CD9A21E35EFB00731FB8 /* UserProfileHeader.swift */,
				7093CDB021E451A700731FB8 /* UserProfilePhotoCell.swift */,
			);
			path = UserProfile;
			sourceTree = "<group>";
		};
		7093CDA021E385E400731FB8 /* Login */ = {
			isa = PBXGroup;
			children = (
				7093CD6521E32F1200731FB8 /* SignUpController.swift */,
				7093CDA121E385F900731FB8 /* LoginController.swift */,
			);
			path = Login;
			sourceTree = "<group>";
		};
		7093CDA321E3B62200731FB8 /* Utils */ = {
			isa = PBXGroup;
			children = (
				7093CD9321E3325B00731FB8 /* Extension.swift */,
				7093CDB221E4554000731FB8 /* CustomImageView.swift */,
				7093CDBB21E4C1CF00731FB8 /* Firebase Utils.swift */,
			);
			path = Utils;
			sourceTree = "<group>";
		};
		7093CDA421E3C28C00731FB8 /* AddPhoto */ = {
			isa = PBXGroup;
			children = (
				7093CDA521E3C2AF00731FB8 /* PhotoSelectorController.swift */,
				7093CDAB21E3E33400731FB8 /* SharePhotoController.swift */,
				7093CDA921E3D7EC00731FB8 /* PhotoSelectorHeader.swift */,
				7093CDA721E3D09000731FB8 /* PhotoSelectorCell.swift */,
			);
			path = AddPhoto;
			sourceTree = "<group>";
		};
		7093CDAD21E4501100731FB8 /* Models */ = {
			isa = PBXGroup;
			children = (
				7093CDAE21E4502200731FB8 /* Post.swift */,
				7093CDB921E4BBC400731FB8 /* User.swift */,
				7092BB8921FA1D610092DD1E /* Comment.swift */,
			);
			path = Models;
			sourceTree = "<group>";
		};
		7093CDB421E45B9300731FB8 /* Home */ = {
			isa = PBXGroup;
			children = (
				7093CDB521E45BA100731FB8 /* HomeController.swift */,
				7093CDB721E45C8E00731FB8 /* HomePostCell.swift */,
				5A697B0421E86EB50010C52C /* HomePostDetail.swift */,
				5A697B0821E889EB0010C52C /* HomePostImagePreview.swift */,
				5A697B0621E887D20010C52C /* HomePostDetailARSCN.swift */,
				7092BB8521F991D20092DD1E /* CommentsController.swift */,
				7092BB8721FA193D0092DD1E /* CommentsCell.swift */,
			);
			path = Home;
			sourceTree = "<group>";
		};
		7093CDBD21E4D4F700731FB8 /* Search */ = {
			isa = PBXGroup;
			children = (
				7093CDBE21E4D50D00731FB8 /* SearchController.swift */,
				7093CDC021E4E15200731FB8 /* SearchCell.swift */,
			);
			path = Search;
			sourceTree = "<group>";
		};
		A6B98A9E89238724E31522CE /* Frameworks */ = {
			isa = PBXGroup;
			children = (
				C232A7F08C8D71CB04FB7E95 /* Pods_Picolo.framework */,
				1740A3F9DE64FC2F37B5CB7C /* Pods_PicoloTests.framework */,
				F2ABF5B36F6D0EE62558F190 /* Pods_PicoloUITests.framework */,
			);
			name = Frameworks;
			sourceTree = "<group>";
		};
		EB76743F59B2B0E9624D2B98 /* Pods */ = {
			isa = PBXGroup;
			children = (
				013BF7F588579772A852F64E /* Pods-Picolo.debug.xcconfig */,
				F9A5F87326F6A50F38587C38 /* Pods-Picolo.release.xcconfig */,
			);
			name = Pods;
			sourceTree = "<group>";
		};
/* End PBXGroup section */

/* Begin PBXNativeTarget section */
		7093CD5F21E32F1200731FB8 /* Picolo */ = {
			isa = PBXNativeTarget;
			buildConfigurationList = 7093CD8821E32F1500731FB8 /* Build configuration list for PBXNativeTarget "Picolo" */;
			buildPhases = (
				FC08B6C38D85D4629FB66DA1 /* [CP] Check Pods Manifest.lock */,
				7093CD5C21E32F1200731FB8 /* Sources */,
				7093CD5D21E32F1200731FB8 /* Frameworks */,
				7093CD5E21E32F1200731FB8 /* Resources */,
				BB926428D91E33268D017545 /* [CP] Embed Pods Frameworks */,
			);
			buildRules = (
			);
			dependencies = (
			);
			name = Picolo;
			productName = Picolo;
			productReference = 7093CD6021E32F1200731FB8 /* Picolo.app */;
			productType = "com.apple.product-type.application";
		};
		7093CD7321E32F1500731FB8 /* PicoloTests */ = {
			isa = PBXNativeTarget;
			buildConfigurationList = 7093CD8B21E32F1500731FB8 /* Build configuration list for PBXNativeTarget "PicoloTests" */;
			buildPhases = (
				7093CD7021E32F1500731FB8 /* Sources */,
				7093CD7121E32F1500731FB8 /* Frameworks */,
				7093CD7221E32F1500731FB8 /* Resources */,
			);
			buildRules = (
			);
			dependencies = (
				7093CD7621E32F1500731FB8 /* PBXTargetDependency */,
			);
			name = PicoloTests;
			productName = PicoloTests;
			productReference = 7093CD7421E32F1500731FB8 /* PicoloTests.xctest */;
			productType = "com.apple.product-type.bundle.unit-test";
		};
		7093CD7E21E32F1500731FB8 /* PicoloUITests */ = {
			isa = PBXNativeTarget;
			buildConfigurationList = 7093CD8E21E32F1500731FB8 /* Build configuration list for PBXNativeTarget "PicoloUITests" */;
			buildPhases = (
				7093CD7B21E32F1500731FB8 /* Sources */,
				7093CD7C21E32F1500731FB8 /* Frameworks */,
				7093CD7D21E32F1500731FB8 /* Resources */,
			);
			buildRules = (
			);
			dependencies = (
				7093CD8121E32F1500731FB8 /* PBXTargetDependency */,
			);
			name = PicoloUITests;
			productName = PicoloUITests;
			productReference = 7093CD7F21E32F1500731FB8 /* PicoloUITests.xctest */;
			productType = "com.apple.product-type.bundle.ui-testing";
		};
/* End PBXNativeTarget section */

/* Begin PBXProject section */
		7093CD5821E32F1200731FB8 /* Project object */ = {
			isa = PBXProject;
			attributes = {
				LastSwiftUpdateCheck = 1010;
				LastUpgradeCheck = 1010;
				ORGANIZATIONNAME = "Ricky Adi Kuncoro";
				TargetAttributes = {
					7093CD5F21E32F1200731FB8 = {
						CreatedOnToolsVersion = 10.1;
					};
					7093CD7321E32F1500731FB8 = {
						CreatedOnToolsVersion = 10.1;
						TestTargetID = 7093CD5F21E32F1200731FB8;
					};
					7093CD7E21E32F1500731FB8 = {
						CreatedOnToolsVersion = 10.1;
						TestTargetID = 7093CD5F21E32F1200731FB8;
					};
				};
			};
			buildConfigurationList = 7093CD5B21E32F1200731FB8 /* Build configuration list for PBXProject "Picolo" */;
			compatibilityVersion = "Xcode 9.3";
			developmentRegion = en;
			hasScannedForEncodings = 0;
			knownRegions = (
				en,
				Base,
			);
			mainGroup = 7093CD5721E32F1200731FB8;
			productRefGroup = 7093CD6121E32F1200731FB8 /* Products */;
			projectDirPath = "";
			projectRoot = "";
			targets = (
				7093CD5F21E32F1200731FB8 /* Picolo */,
				7093CD7321E32F1500731FB8 /* PicoloTests */,
				7093CD7E21E32F1500731FB8 /* PicoloUITests */,
			);
		};
/* End PBXProject section */

/* Begin PBXResourcesBuildPhase section */
		7093CD5E21E32F1200731FB8 /* Resources */ = {
			isa = PBXResourcesBuildPhase;
			buildActionMask = 2147483647;
			files = (
				7093CD6E21E32F1500731FB8 /* LaunchScreen.storyboard in Resources */,
				7093CD9221E3307800731FB8 /* GoogleService-Info.plist in Resources */,
				5A697B0E21EC6CE40010C52C /* art.scnassets in Resources */,
				7093CD6B21E32F1500731FB8 /* Assets.xcassets in Resources */,
				7093CD6921E32F1200731FB8 /* Main.storyboard in Resources */,
			);
			runOnlyForDeploymentPostprocessing = 0;
		};
		7093CD7221E32F1500731FB8 /* Resources */ = {
			isa = PBXResourcesBuildPhase;
			buildActionMask = 2147483647;
			files = (
			);
			runOnlyForDeploymentPostprocessing = 0;
		};
		7093CD7D21E32F1500731FB8 /* Resources */ = {
			isa = PBXResourcesBuildPhase;
			buildActionMask = 2147483647;
			files = (
			);
			runOnlyForDeploymentPostprocessing = 0;
		};
/* End PBXResourcesBuildPhase section */

/* Begin PBXShellScriptBuildPhase section */
		BB926428D91E33268D017545 /* [CP] Embed Pods Frameworks */ = {
			isa = PBXShellScriptBuildPhase;
			buildActionMask = 2147483647;
			files = (
			);
			inputFileListPaths = (
			);
			inputPaths = (
				"${SRCROOT}/Pods/Target Support Files/Pods-Picolo/Pods-Picolo-frameworks.sh",
				"${BUILT_PRODUCTS_DIR}/GTMSessionFetcher/GTMSessionFetcher.framework",
				"${BUILT_PRODUCTS_DIR}/GoogleUtilities/GoogleUtilities.framework",
				"${BUILT_PRODUCTS_DIR}/PinterestLayout/PinterestLayout.framework",
				"${BUILT_PRODUCTS_DIR}/leveldb-library/leveldb.framework",
				"${BUILT_PRODUCTS_DIR}/nanopb/nanopb.framework",
			);
			name = "[CP] Embed Pods Frameworks";
			outputFileListPaths = (
			);
			outputPaths = (
				"${TARGET_BUILD_DIR}/${FRAMEWORKS_FOLDER_PATH}/GTMSessionFetcher.framework",
				"${TARGET_BUILD_DIR}/${FRAMEWORKS_FOLDER_PATH}/GoogleUtilities.framework",
				"${TARGET_BUILD_DIR}/${FRAMEWORKS_FOLDER_PATH}/PinterestLayout.framework",
				"${TARGET_BUILD_DIR}/${FRAMEWORKS_FOLDER_PATH}/leveldb.framework",
				"${TARGET_BUILD_DIR}/${FRAMEWORKS_FOLDER_PATH}/nanopb.framework",
			);
			runOnlyForDeploymentPostprocessing = 0;
			shellPath = /bin/sh;
			shellScript = "\"${SRCROOT}/Pods/Target Support Files/Pods-Picolo/Pods-Picolo-frameworks.sh\"\n";
			showEnvVarsInLog = 0;
		};
		FC08B6C38D85D4629FB66DA1 /* [CP] Check Pods Manifest.lock */ = {
			isa = PBXShellScriptBuildPhase;
			buildActionMask = 2147483647;
			files = (
			);
			inputFileListPaths = (
			);
			inputPaths = (
				"${PODS_PODFILE_DIR_PATH}/Podfile.lock",
				"${PODS_ROOT}/Manifest.lock",
			);
			name = "[CP] Check Pods Manifest.lock";
			outputFileListPaths = (
			);
			outputPaths = (
				"$(DERIVED_FILE_DIR)/Pods-Picolo-checkManifestLockResult.txt",
			);
			runOnlyForDeploymentPostprocessing = 0;
			shellPath = /bin/sh;
			shellScript = "diff \"${PODS_PODFILE_DIR_PATH}/Podfile.lock\" \"${PODS_ROOT}/Manifest.lock\" > /dev/null\nif [ $? != 0 ] ; then\n    # print error to STDERR\n    echo \"error: The sandbox is not in sync with the Podfile.lock. Run 'pod install' or update your CocoaPods installation.\" >&2\n    exit 1\nfi\n# This output is used by Xcode 'outputs' to avoid re-running this script phase.\necho \"SUCCESS\" > \"${SCRIPT_OUTPUT_FILE_0}\"\n";
			showEnvVarsInLog = 0;
		};
/* End PBXShellScriptBuildPhase section */

/* Begin PBXSourcesBuildPhase section */
		7093CD5C21E32F1200731FB8 /* Sources */ = {
			isa = PBXSourcesBuildPhase;
			buildActionMask = 2147483647;
			files = (
				7093CD9421E3325B00731FB8 /* Extension.swift in Sources */,
				5A697B0521E86EB50010C52C /* HomePostDetail.swift in Sources */,
				7093CDB821E45C8E00731FB8 /* HomePostCell.swift in Sources */,
				7093CD9821E3588500731FB8 /* UserProfileViewController.swift in Sources */,
				7093CDA621E3C2AF00731FB8 /* PhotoSelectorController.swift in Sources */,
				7093CDB321E4554000731FB8 /* CustomImageView.swift in Sources */,
				7093CDAF21E4502200731FB8 /* Post.swift in Sources */,
				7092BB8421F854740092DD1E /* AuthBoarding.swift in Sources */,
				7093CD6621E32F1200731FB8 /* SignUpController.swift in Sources */,
				7092BB8621F991D20092DD1E /* CommentsController.swift in Sources */,
				7093CD9B21E35EFB00731FB8 /* UserProfileHeader.swift in Sources */,
				7092BB8221F815CF0092DD1E /* SubscriptionHeader.swift in Sources */,
				7093CDAC21E3E33400731FB8 /* SharePhotoController.swift in Sources */,
				7092BB8821FA193D0092DD1E /* CommentsCell.swift in Sources */,
				7093CDC121E4E15200731FB8 /* SearchCell.swift in Sources */,
				7093CDAA21E3D7EC00731FB8 /* PhotoSelectorHeader.swift in Sources */,
				7093CDBF21E4D50D00731FB8 /* SearchController.swift in Sources */,
				7093CDA221E385F900731FB8 /* LoginController.swift in Sources */,
				7093CD9621E357D900731FB8 /* MainTabBarController.swift in Sources */,
				7093CDB621E45BA100731FB8 /* HomeController.swift in Sources */,
				5A697B0921E889EB0010C52C /* HomePostImagePreview.swift in Sources */,
				7093CDBC21E4C1CF00731FB8 /* Firebase Utils.swift in Sources */,
				5A697B0721E887D20010C52C /* HomePostDetailARSCN.swift in Sources */,
				7093CDBA21E4BBC400731FB8 /* User.swift in Sources */,
				7092BB7E21F810ED0092DD1E /* SubcriptionController.swift in Sources */,
				7092BB8A21FA1D610092DD1E /* Comment.swift in Sources */,
				7093CDB121E451A700731FB8 /* UserProfilePhotoCell.swift in Sources */,
				7093CD6421E32F1200731FB8 /* AppDelegate.swift in Sources */,
				7092BB8021F812A10092DD1E /* SubscriptionPost.swift in Sources */,
				7093CDA821E3D09000731FB8 /* PhotoSelectorCell.swift in Sources */,
			);
			runOnlyForDeploymentPostprocessing = 0;
		};
		7093CD7021E32F1500731FB8 /* Sources */ = {
			isa = PBXSourcesBuildPhase;
			buildActionMask = 2147483647;
			files = (
			);
			runOnlyForDeploymentPostprocessing = 0;
		};
		7093CD7B21E32F1500731FB8 /* Sources */ = {
			isa = PBXSourcesBuildPhase;
			buildActionMask = 2147483647;
			files = (
			);
			runOnlyForDeploymentPostprocessing = 0;
		};
/* End PBXSourcesBuildPhase section */

/* Begin PBXTargetDependency section */
		7093CD7621E32F1500731FB8 /* PBXTargetDependency */ = {
			isa = PBXTargetDependency;
			target = 7093CD5F21E32F1200731FB8 /* Picolo */;
			targetProxy = 7093CD7521E32F1500731FB8 /* PBXContainerItemProxy */;
		};
		7093CD8121E32F1500731FB8 /* PBXTargetDependency */ = {
			isa = PBXTargetDependency;
			target = 7093CD5F21E32F1200731FB8 /* Picolo */;
			targetProxy = 7093CD8021E32F1500731FB8 /* PBXContainerItemProxy */;
		};
/* End PBXTargetDependency section */

/* Begin PBXVariantGroup section */
		7093CD6721E32F1200731FB8 /* Main.storyboard */ = {
			isa = PBXVariantGroup;
			children = (
				7093CD6821E32F1200731FB8 /* Base */,
			);
			name = Main.storyboard;
			sourceTree = "<group>";
		};
		7093CD6C21E32F1500731FB8 /* LaunchScreen.storyboard */ = {
			isa = PBXVariantGroup;
			children = (
				7093CD6D21E32F1500731FB8 /* Base */,
			);
			name = LaunchScreen.storyboard;
			sourceTree = "<group>";
		};
/* End PBXVariantGroup section */

/* Begin XCBuildConfiguration section */
		7093CD8621E32F1500731FB8 /* Debug */ = {
			isa = XCBuildConfiguration;
			buildSettings = {
				ALWAYS_SEARCH_USER_PATHS = NO;
				CLANG_ANALYZER_NONNULL = YES;
				CLANG_ANALYZER_NUMBER_OBJECT_CONVERSION = YES_AGGRESSIVE;
				CLANG_CXX_LANGUAGE_STANDARD = "gnu++14";
				CLANG_CXX_LIBRARY = "libc++";
				CLANG_ENABLE_MODULES = YES;
				CLANG_ENABLE_OBJC_ARC = YES;
				CLANG_ENABLE_OBJC_WEAK = YES;
				CLANG_WARN_BLOCK_CAPTURE_AUTORELEASING = YES;
				CLANG_WARN_BOOL_CONVERSION = YES;
				CLANG_WARN_COMMA = YES;
				CLANG_WARN_CONSTANT_CONVERSION = YES;
				CLANG_WARN_DEPRECATED_OBJC_IMPLEMENTATIONS = YES;
				CLANG_WARN_DIRECT_OBJC_ISA_USAGE = YES_ERROR;
				CLANG_WARN_DOCUMENTATION_COMMENTS = YES;
				CLANG_WARN_EMPTY_BODY = YES;
				CLANG_WARN_ENUM_CONVERSION = YES;
				CLANG_WARN_INFINITE_RECURSION = YES;
				CLANG_WARN_INT_CONVERSION = YES;
				CLANG_WARN_NON_LITERAL_NULL_CONVERSION = YES;
				CLANG_WARN_OBJC_IMPLICIT_RETAIN_SELF = YES;
				CLANG_WARN_OBJC_LITERAL_CONVERSION = YES;
				CLANG_WARN_OBJC_ROOT_CLASS = YES_ERROR;
				CLANG_WARN_RANGE_LOOP_ANALYSIS = YES;
				CLANG_WARN_STRICT_PROTOTYPES = YES;
				CLANG_WARN_SUSPICIOUS_MOVE = YES;
				CLANG_WARN_UNGUARDED_AVAILABILITY = YES_AGGRESSIVE;
				CLANG_WARN_UNREACHABLE_CODE = YES;
				CLANG_WARN__DUPLICATE_METHOD_MATCH = YES;
				CODE_SIGN_IDENTITY = "iPhone Developer";
				COPY_PHASE_STRIP = NO;
				DEBUG_INFORMATION_FORMAT = dwarf;
				ENABLE_STRICT_OBJC_MSGSEND = YES;
				ENABLE_TESTABILITY = YES;
				GCC_C_LANGUAGE_STANDARD = gnu11;
				GCC_DYNAMIC_NO_PIC = NO;
				GCC_NO_COMMON_BLOCKS = YES;
				GCC_OPTIMIZATION_LEVEL = 0;
				GCC_PREPROCESSOR_DEFINITIONS = (
					"DEBUG=1",
					"$(inherited)",
				);
				GCC_WARN_64_TO_32_BIT_CONVERSION = YES;
				GCC_WARN_ABOUT_RETURN_TYPE = YES_ERROR;
				GCC_WARN_UNDECLARED_SELECTOR = YES;
				GCC_WARN_UNINITIALIZED_AUTOS = YES_AGGRESSIVE;
				GCC_WARN_UNUSED_FUNCTION = YES;
				GCC_WARN_UNUSED_VARIABLE = YES;
				IPHONEOS_DEPLOYMENT_TARGET = 12.1;
				MTL_ENABLE_DEBUG_INFO = INCLUDE_SOURCE;
				MTL_FAST_MATH = YES;
				ONLY_ACTIVE_ARCH = YES;
				SDKROOT = iphoneos;
				SWIFT_ACTIVE_COMPILATION_CONDITIONS = DEBUG;
				SWIFT_OPTIMIZATION_LEVEL = "-Onone";
			};
			name = Debug;
		};
		7093CD8721E32F1500731FB8 /* Release */ = {
			isa = XCBuildConfiguration;
			buildSettings = {
				ALWAYS_SEARCH_USER_PATHS = NO;
				CLANG_ANALYZER_NONNULL = YES;
				CLANG_ANALYZER_NUMBER_OBJECT_CONVERSION = YES_AGGRESSIVE;
				CLANG_CXX_LANGUAGE_STANDARD = "gnu++14";
				CLANG_CXX_LIBRARY = "libc++";
				CLANG_ENABLE_MODULES = YES;
				CLANG_ENABLE_OBJC_ARC = YES;
				CLANG_ENABLE_OBJC_WEAK = YES;
				CLANG_WARN_BLOCK_CAPTURE_AUTORELEASING = YES;
				CLANG_WARN_BOOL_CONVERSION = YES;
				CLANG_WARN_COMMA = YES;
				CLANG_WARN_CONSTANT_CONVERSION = YES;
				CLANG_WARN_DEPRECATED_OBJC_IMPLEMENTATIONS = YES;
				CLANG_WARN_DIRECT_OBJC_ISA_USAGE = YES_ERROR;
				CLANG_WARN_DOCUMENTATION_COMMENTS = YES;
				CLANG_WARN_EMPTY_BODY = YES;
				CLANG_WARN_ENUM_CONVERSION = YES;
				CLANG_WARN_INFINITE_RECURSION = YES;
				CLANG_WARN_INT_CONVERSION = YES;
				CLANG_WARN_NON_LITERAL_NULL_CONVERSION = YES;
				CLANG_WARN_OBJC_IMPLICIT_RETAIN_SELF = YES;
				CLANG_WARN_OBJC_LITERAL_CONVERSION = YES;
				CLANG_WARN_OBJC_ROOT_CLASS = YES_ERROR;
				CLANG_WARN_RANGE_LOOP_ANALYSIS = YES;
				CLANG_WARN_STRICT_PROTOTYPES = YES;
				CLANG_WARN_SUSPICIOUS_MOVE = YES;
				CLANG_WARN_UNGUARDED_AVAILABILITY = YES_AGGRESSIVE;
				CLANG_WARN_UNREACHABLE_CODE = YES;
				CLANG_WARN__DUPLICATE_METHOD_MATCH = YES;
				CODE_SIGN_IDENTITY = "iPhone Developer";
				COPY_PHASE_STRIP = NO;
				DEBUG_INFORMATION_FORMAT = "dwarf-with-dsym";
				ENABLE_NS_ASSERTIONS = NO;
				ENABLE_STRICT_OBJC_MSGSEND = YES;
				GCC_C_LANGUAGE_STANDARD = gnu11;
				GCC_NO_COMMON_BLOCKS = YES;
				GCC_WARN_64_TO_32_BIT_CONVERSION = YES;
				GCC_WARN_ABOUT_RETURN_TYPE = YES_ERROR;
				GCC_WARN_UNDECLARED_SELECTOR = YES;
				GCC_WARN_UNINITIALIZED_AUTOS = YES_AGGRESSIVE;
				GCC_WARN_UNUSED_FUNCTION = YES;
				GCC_WARN_UNUSED_VARIABLE = YES;
				IPHONEOS_DEPLOYMENT_TARGET = 12.1;
				MTL_ENABLE_DEBUG_INFO = NO;
				MTL_FAST_MATH = YES;
				SDKROOT = iphoneos;
				SWIFT_COMPILATION_MODE = wholemodule;
				SWIFT_OPTIMIZATION_LEVEL = "-O";
				VALIDATE_PRODUCT = YES;
			};
			name = Release;
		};
		7093CD8921E32F1500731FB8 /* Debug */ = {
			isa = XCBuildConfiguration;
			baseConfigurationReference = 013BF7F588579772A852F64E /* Pods-Picolo.debug.xcconfig */;
			buildSettings = {
				ASSETCATALOG_COMPILER_APPICON_NAME = AppIcon;
				CODE_SIGN_STYLE = Automatic;
				DEVELOPMENT_TEAM = BW6L62Q584;
				INFOPLIST_FILE = Picolo/Info.plist;
				LD_RUNPATH_SEARCH_PATHS = (
					"$(inherited)",
					"@executable_path/Frameworks",
				);
				PRODUCT_BUNDLE_IDENTIFIER = com.receh.Picolo;
				PRODUCT_NAME = "$(TARGET_NAME)";
				SWIFT_VERSION = 4.2;
				TARGETED_DEVICE_FAMILY = "1,2";
			};
			name = Debug;
		};
		7093CD8A21E32F1500731FB8 /* Release */ = {
			isa = XCBuildConfiguration;
			baseConfigurationReference = F9A5F87326F6A50F38587C38 /* Pods-Picolo.release.xcconfig */;
			buildSettings = {
				ASSETCATALOG_COMPILER_APPICON_NAME = AppIcon;
				CODE_SIGN_STYLE = Automatic;
				DEVELOPMENT_TEAM = BW6L62Q584;
				INFOPLIST_FILE = Picolo/Info.plist;
				LD_RUNPATH_SEARCH_PATHS = (
					"$(inherited)",
					"@executable_path/Frameworks",
				);
				PRODUCT_BUNDLE_IDENTIFIER = com.receh.Picolo;
				PRODUCT_NAME = "$(TARGET_NAME)";
				SWIFT_VERSION = 4.2;
				TARGETED_DEVICE_FAMILY = "1,2";
			};
			name = Release;
		};
		7093CD8C21E32F1500731FB8 /* Debug */ = {
			isa = XCBuildConfiguration;
			buildSettings = {
				ALWAYS_EMBED_SWIFT_STANDARD_LIBRARIES = YES;
				BUNDLE_LOADER = "$(TEST_HOST)";
				CODE_SIGN_STYLE = Automatic;
				DEVELOPMENT_TEAM = BW6L62Q584;
				INFOPLIST_FILE = PicoloTests/Info.plist;
				LD_RUNPATH_SEARCH_PATHS = (
					"$(inherited)",
					"@executable_path/Frameworks",
					"@loader_path/Frameworks",
				);
				PRODUCT_BUNDLE_IDENTIFIER = com.receh.PicoloTests;
				PRODUCT_NAME = "$(TARGET_NAME)";
				SWIFT_VERSION = 4.2;
				TARGETED_DEVICE_FAMILY = "1,2";
				TEST_HOST = "$(BUILT_PRODUCTS_DIR)/Picolo.app/Picolo";
			};
			name = Debug;
		};
		7093CD8D21E32F1500731FB8 /* Release */ = {
			isa = XCBuildConfiguration;
			buildSettings = {
				ALWAYS_EMBED_SWIFT_STANDARD_LIBRARIES = YES;
				BUNDLE_LOADER = "$(TEST_HOST)";
				CODE_SIGN_STYLE = Automatic;
				DEVELOPMENT_TEAM = BW6L62Q584;
				INFOPLIST_FILE = PicoloTests/Info.plist;
				LD_RUNPATH_SEARCH_PATHS = (
					"$(inherited)",
					"@executable_path/Frameworks",
					"@loader_path/Frameworks",
				);
				PRODUCT_BUNDLE_IDENTIFIER = com.receh.PicoloTests;
				PRODUCT_NAME = "$(TARGET_NAME)";
				SWIFT_VERSION = 4.2;
				TARGETED_DEVICE_FAMILY = "1,2";
				TEST_HOST = "$(BUILT_PRODUCTS_DIR)/Picolo.app/Picolo";
			};
			name = Release;
		};
		7093CD8F21E32F1500731FB8 /* Debug */ = {
			isa = XCBuildConfiguration;
			buildSettings = {
				ALWAYS_EMBED_SWIFT_STANDARD_LIBRARIES = YES;
				CODE_SIGN_STYLE = Automatic;
				DEVELOPMENT_TEAM = BW6L62Q584;
				INFOPLIST_FILE = PicoloUITests/Info.plist;
				LD_RUNPATH_SEARCH_PATHS = (
					"$(inherited)",
					"@executable_path/Frameworks",
					"@loader_path/Frameworks",
				);
				PRODUCT_BUNDLE_IDENTIFIER = com.receh.PicoloUITests;
				PRODUCT_NAME = "$(TARGET_NAME)";
				SWIFT_VERSION = 4.2;
				TARGETED_DEVICE_FAMILY = "1,2";
				TEST_TARGET_NAME = Picolo;
			};
			name = Debug;
		};
		7093CD9021E32F1500731FB8 /* Release */ = {
			isa = XCBuildConfiguration;
			buildSettings = {
				ALWAYS_EMBED_SWIFT_STANDARD_LIBRARIES = YES;
				CODE_SIGN_STYLE = Automatic;
				DEVELOPMENT_TEAM = BW6L62Q584;
				INFOPLIST_FILE = PicoloUITests/Info.plist;
				LD_RUNPATH_SEARCH_PATHS = (
					"$(inherited)",
					"@executable_path/Frameworks",
					"@loader_path/Frameworks",
				);
				PRODUCT_BUNDLE_IDENTIFIER = com.receh.PicoloUITests;
				PRODUCT_NAME = "$(TARGET_NAME)";
				SWIFT_VERSION = 4.2;
				TARGETED_DEVICE_FAMILY = "1,2";
				TEST_TARGET_NAME = Picolo;
			};
			name = Release;
		};
/* End XCBuildConfiguration section */

/* Begin XCConfigurationList section */
		7093CD5B21E32F1200731FB8 /* Build configuration list for PBXProject "Picolo" */ = {
			isa = XCConfigurationList;
			buildConfigurations = (
				7093CD8621E32F1500731FB8 /* Debug */,
				7093CD8721E32F1500731FB8 /* Release */,
			);
			defaultConfigurationIsVisible = 0;
			defaultConfigurationName = Release;
		};
		7093CD8821E32F1500731FB8 /* Build configuration list for PBXNativeTarget "Picolo" */ = {
			isa = XCConfigurationList;
			buildConfigurations = (
				7093CD8921E32F1500731FB8 /* Debug */,
				7093CD8A21E32F1500731FB8 /* Release */,
			);
			defaultConfigurationIsVisible = 0;
			defaultConfigurationName = Release;
		};
		7093CD8B21E32F1500731FB8 /* Build configuration list for PBXNativeTarget "PicoloTests" */ = {
			isa = XCConfigurationList;
			buildConfigurations = (
				7093CD8C21E32F1500731FB8 /* Debug */,
				7093CD8D21E32F1500731FB8 /* Release */,
			);
			defaultConfigurationIsVisible = 0;
			defaultConfigurationName = Release;
		};
		7093CD8E21E32F1500731FB8 /* Build configuration list for PBXNativeTarget "PicoloUITests" */ = {
			isa = XCConfigurationList;
			buildConfigurations = (
				7093CD8F21E32F1500731FB8 /* Debug */,
				7093CD9021E32F1500731FB8 /* Release */,
			);
			defaultConfigurationIsVisible = 0;
			defaultConfigurationName = Release;
		};
/* End XCConfigurationList section */
	};
	rootObject = 7093CD5821E32F1200731FB8 /* Project object */;
}
